{
  "version": 4,
  "terraform_version": "1.8.3",
  "serial": 72,
  "lineage": "ee86203e-34b7-fb59-5826-9d48a4541c31",
  "outputs": {
    "impvs": {
      "value": {
        "id": "/subscriptions/6b8c6686-7408-49b1-9f3b-f2680f0b9c7c/resourceGroups/newterr/providers/Microsoft.Compute/virtualMachines/TestTer",
        "identity": [],
        "location": "eastus",
        "name": "TestTer",
        "power_state": null,
        "private_ip_address": "10.12.1.5",
        "private_ip_addresses": [
          "10.12.1.5"
        ],
        "public_ip_address": "40.71.57.123",
        "public_ip_addresses": [
          "40.71.57.123"
        ],
        "resource_group_name": "newterr",
        "timeouts": null
      },
      "type": [
        "object",
        {
          "id": "string",
          "identity": [
            "list",
            [
              "object",
              {
                "identity_ids": [
                  "list",
                  "string"
                ],
                "principal_id": "string",
                "tenant_id": "string",
                "type": "string"
              }
            ]
          ],
          "location": "string",
          "name": "string",
          "power_state": "string",
          "private_ip_address": "string",
          "private_ip_addresses": [
            "list",
            "string"
          ],
          "public_ip_address": "string",
          "public_ip_addresses": [
            "list",
            "string"
          ],
          "resource_group_name": "string",
          "timeouts": [
            "object",
            {
              "read": "string"
            }
          ]
        }
      ]
    }
  },
  "resources": [
    {
      "mode": "data",
      "type": "azurerm_virtual_machine",
      "name": "impvs",
      "provider": "provider[\"registry.terraform.io/hashicorp/azurerm\"]",
      "instances": [
        {
          "schema_version": 0,
          "attributes": {
            "id": "/subscriptions/6b8c6686-7408-49b1-9f3b-f2680f0b9c7c/resourceGroups/newterr/providers/Microsoft.Compute/virtualMachines/TestTer",
            "identity": [],
            "location": "eastus",
            "name": "TestTer",
            "power_state": null,
            "private_ip_address": "10.12.1.5",
            "private_ip_addresses": [
              "10.12.1.5"
            ],
            "public_ip_address": "40.71.57.123",
            "public_ip_addresses": [
              "40.71.57.123"
            ],
            "resource_group_name": "newterr",
            "timeouts": null
          },
          "sensitive_attributes": []
        }
      ]
    },
    {
      "mode": "managed",
      "type": "azurerm_network_interface",
      "name": "nic",
      "provider": "provider[\"registry.terraform.io/hashicorp/azurerm\"]",
      "instances": [
        {
          "schema_version": 0,
          "attributes": {
            "applied_dns_servers": [],
            "auxiliary_mode": "",
            "auxiliary_sku": "",
            "dns_servers": [],
            "edge_zone": "",
            "enable_accelerated_networking": false,
            "enable_ip_forwarding": false,
            "id": "/subscriptions/6b8c6686-7408-49b1-9f3b-f2680f0b9c7c/resourceGroups/newterr/providers/Microsoft.Network/networkInterfaces/NIC_Test",
            "internal_dns_name_label": "",
            "internal_domain_name_suffix": "403yi5up43relk3kmpdeypsqhc.bx.internal.cloudapp.net",
            "ip_configuration": [
              {
                "gateway_load_balancer_frontend_ip_configuration_id": "",
                "name": "tertestcon",
                "primary": true,
                "private_ip_address": "10.12.1.4",
                "private_ip_address_allocation": "Dynamic",
                "private_ip_address_version": "IPv4",
                "public_ip_address_id": "",
                "subnet_id": "/subscriptions/6b8c6686-7408-49b1-9f3b-f2680f0b9c7c/resourceGroups/newterr/providers/Microsoft.Network/virtualNetworks/tertest/subnets/snettertest"
              }
            ],
            "location": "eastus",
            "mac_address": "",
            "name": "NIC_Test",
            "private_ip_address": "10.12.1.4",
            "private_ip_addresses": [
              "10.12.1.4"
            ],
            "resource_group_name": "newterr",
            "tags": {},
            "timeouts": null,
            "virtual_machine_id": ""
          },
          "sensitive_attributes": [],
          "private": "eyJlMmJmYjczMC1lY2FhLTExZTYtOGY4OC0zNDM2M2JjN2M0YzAiOnsiY3JlYXRlIjoxODAwMDAwMDAwMDAwLCJkZWxldGUiOjE4MDAwMDAwMDAwMDAsInJlYWQiOjMwMDAwMDAwMDAwMCwidXBkYXRlIjoxODAwMDAwMDAwMDAwfX0=",
          "dependencies": [
            "azurerm_resource_group.rg",
            "azurerm_subnet.snet",
            "azurerm_virtual_network.vnet"
          ]
        }
      ]
    },
    {
      "mode": "managed",
      "type": "azurerm_resource_group",
      "name": "rg",
      "provider": "provider[\"registry.terraform.io/hashicorp/azurerm\"]",
      "instances": [
        {
          "schema_version": 0,
          "attributes": {
            "id": "/subscriptions/6b8c6686-7408-49b1-9f3b-f2680f0b9c7c/resourceGroups/newterr",
            "location": "eastus",
            "managed_by": "",
            "name": "newterr",
            "tags": {},
            "timeouts": null
          },
          "sensitive_attributes": [],
          "private": "eyJlMmJmYjczMC1lY2FhLTExZTYtOGY4OC0zNDM2M2JjN2M0YzAiOnsiY3JlYXRlIjo1NDAwMDAwMDAwMDAwLCJkZWxldGUiOjU0MDAwMDAwMDAwMDAsInJlYWQiOjMwMDAwMDAwMDAwMCwidXBkYXRlIjo1NDAwMDAwMDAwMDAwfX0="
        }
      ]
    },
    {
      "mode": "managed",
      "type": "azurerm_subnet",
      "name": "snet",
      "provider": "provider[\"registry.terraform.io/hashicorp/azurerm\"]",
      "instances": [
        {
          "schema_version": 0,
          "attributes": {
            "address_prefixes": [
              "10.12.1.0/24"
            ],
            "delegation": [],
            "enforce_private_link_endpoint_network_policies": false,
            "enforce_private_link_service_network_policies": false,
            "id": "/subscriptions/6b8c6686-7408-49b1-9f3b-f2680f0b9c7c/resourceGroups/newterr/providers/Microsoft.Network/virtualNetworks/tertest/subnets/snettertest",
            "name": "snettertest",
            "private_endpoint_network_policies": "Enabled",
            "private_endpoint_network_policies_enabled": true,
            "private_link_service_network_policies_enabled": true,
            "resource_group_name": "newterr",
            "service_endpoint_policy_ids": [],
            "service_endpoints": [],
            "timeouts": null,
            "virtual_network_name": "tertest"
          },
          "sensitive_attributes": [],
          "private": "eyJlMmJmYjczMC1lY2FhLTExZTYtOGY4OC0zNDM2M2JjN2M0YzAiOnsiY3JlYXRlIjoxODAwMDAwMDAwMDAwLCJkZWxldGUiOjE4MDAwMDAwMDAwMDAsInJlYWQiOjMwMDAwMDAwMDAwMCwidXBkYXRlIjoxODAwMDAwMDAwMDAwfX0=",
          "dependencies": [
            "azurerm_resource_group.rg",
            "azurerm_virtual_network.vnet"
          ]
        }
      ]
    },
    {
      "mode": "managed",
      "type": "azurerm_virtual_network",
      "name": "vnet",
      "provider": "provider[\"registry.terraform.io/hashicorp/azurerm\"]",
      "instances": [
        {
          "schema_version": 0,
          "attributes": {
            "address_space": [
              "10.12.0.0/16"
            ],
            "bgp_community": "",
            "ddos_protection_plan": [],
            "dns_servers": [],
            "edge_zone": "",
            "encryption": [],
            "flow_timeout_in_minutes": 0,
            "guid": "7e84bbf6-f78f-4562-abaa-63c64c3e503a",
            "id": "/subscriptions/6b8c6686-7408-49b1-9f3b-f2680f0b9c7c/resourceGroups/newterr/providers/Microsoft.Network/virtualNetworks/tertest",
            "location": "eastus",
            "name": "tertest",
            "resource_group_name": "newterr",
            "subnet": [
              {
                "address_prefix": "10.12.1.0/24",
                "id": "/subscriptions/6b8c6686-7408-49b1-9f3b-f2680f0b9c7c/resourceGroups/newterr/providers/Microsoft.Network/virtualNetworks/tertest/subnets/snettertest",
                "name": "snettertest",
                "security_group": ""
              }
            ],
            "tags": {},
            "timeouts": null
          },
          "sensitive_attributes": [],
          "private": "eyJlMmJmYjczMC1lY2FhLTExZTYtOGY4OC0zNDM2M2JjN2M0YzAiOnsiY3JlYXRlIjoxODAwMDAwMDAwMDAwLCJkZWxldGUiOjE4MDAwMDAwMDAwMDAsInJlYWQiOjMwMDAwMDAwMDAwMCwidXBkYXRlIjoxODAwMDAwMDAwMDAwfX0=",
          "dependencies": [
            "azurerm_resource_group.rg"
          ]
        }
      ]
    }
  ],
  "check_results": null
}
